
Microsoft Visual Studio Solution File, Format Version 12.00
# Visual Studio Version 17
VisualStudioVersion = 17.11.35222.181
MinimumVisualStudioVersion = 10.0.40219.1
Project("{9A19103F-16F7-4668-BE54-9A1E7A4F7556}") = "Game", "Game.csproj", "{651BE346-1323-4D0F-9446-FE41C60BE0AA}"
EndProject
Global
	GlobalSection(SolutionConfigurationPlatforms) = preSolution
		Debug|Any CPU = Debug|Any CPU
		ExportDebug|Any CPU = ExportDebug|Any CPU
		ExportRelease|Any CPU = ExportRelease|Any CPU
	EndGlobalSection
	GlobalSection(ProjectConfigurationPlatforms) = postSolution
		{651BE346-1323-4D0F-9446-FE41C60BE0AA}.Debug|Any CPU.ActiveCfg = Debug|Any CPU
		{651BE346-1323-4D0F-9446-FE41C60BE0AA}.Debug|Any CPU.Build.0 = Debug|Any CPU
		{651BE346-1323-4D0F-9446-FE41C60BE0AA}.ExportDebug|Any CPU.ActiveCfg = ExportDebug|Any CPU
		{651BE346-1323-4D0F-9446-FE41C60BE0AA}.ExportDebug|Any CPU.Build.0 = ExportDebug|Any CPU
		{651BE346-1323-4D0F-9446-FE41C60BE0AA}.ExportRelease|Any CPU.ActiveCfg = ExportRelease|Any CPU
		{651BE346-1323-4D0F-9446-FE41C60BE0AA}.ExportRelease|Any CPU.Build.0 = ExportRelease|Any CPU
	EndGlobalSection
	GlobalSection(SolutionProperties) = preSolution
		HideSolutionNode = FALSE
	EndGlobalSection
EndGlobal
